# Generated by buf. DO NOT EDIT.
version: v1
deps:
  - remote: buf.build
    owner: streamingfast
    repository: hivemapper
    commit: 9eceba3b1aa44864aa4e9d415dec10e2
    digest: shake256:2d49d9e45b354fc3020053c30537f44e59160b688a62bcbef6fb13d03e8893aaeac155b596e31afd81486e863f06406792bf3208e26b6b4cef96a96b15c97b5e
