# Generated by buf. DO NOT EDIT.
version: v1
deps:
  - remote: buf.build
    owner: streamingfast
    repository: hivemapper
    commit: 0acc9cdb55ff4ac9970272514acc3ebc
    digest: shake256:2d67b2a28df875fccfdd0c4db36971be72ccbaa4c889932618f9550c2129e3a355f1099bc29c2952e7e83d0dc8afcaa741785f84d1055400b1e045a4da5db332
