# Generated by buf. DO NOT EDIT.
version: v1
deps:
  - remote: buf.build
    owner: streamingfast
    repository: hivemapper
    commit: 6f303294dce04f3fa82c264ba12a15ee
    digest: shake256:7540108bfdd3a03c5252b0a155d6f1632626641ab8b226518791bd385c6f96c370a383dafecbb2accfa2d0c3b9dd6cbdc4c858569f47dbc0c79bcc374c19eaee
